
Microsoft Visual Studio Solution File, Format Version 12.00
# Visual Studio Version 17
VisualStudioVersion = 17.0.31903.59
MinimumVisualStudioVersion = 10.0.40219.1
Project("{FAE04EC0-301F-11D3-BF4B-00C04F79EFBC}") = "ConsoleApp", "ConsoleApp\ConsoleApp.csproj", "{6DE516AA-49B7-4705-938B-9E1E8B3D5C28}"
EndProject
Project("{FAE04EC0-301F-11D3-BF4B-00C04F79EFBC}") = "ConsoleApp.UnitTest", "ConsoleApp.UnitTest\ConsoleApp.UnitTest.csproj", "{4CA56EFE-6C7C-457A-9650-1A70766C6B60}"
EndProject
Global
	GlobalSection(SolutionConfigurationPlatforms) = preSolution
		Debug|Any CPU = Debug|Any CPU
		Release|Any CPU = Release|Any CPU
	EndGlobalSection
	GlobalSection(SolutionProperties) = preSolution
		HideSolutionNode = FALSE
	EndGlobalSection
	GlobalSection(ProjectConfigurationPlatforms) = postSolution
		{6DE516AA-49B7-4705-938B-9E1E8B3D5C28}.Debug|Any CPU.ActiveCfg = Debug|Any CPU
		{6DE516AA-49B7-4705-938B-9E1E8B3D5C28}.Debug|Any CPU.Build.0 = Debug|Any CPU
		{6DE516AA-49B7-4705-938B-9E1E8B3D5C28}.Release|Any CPU.ActiveCfg = Release|Any CPU
		{6DE516AA-49B7-4705-938B-9E1E8B3D5C28}.Release|Any CPU.Build.0 = Release|Any CPU
		{4CA56EFE-6C7C-457A-9650-1A70766C6B60}.Debug|Any CPU.ActiveCfg = Debug|Any CPU
		{4CA56EFE-6C7C-457A-9650-1A70766C6B60}.Debug|Any CPU.Build.0 = Debug|Any CPU
		{4CA56EFE-6C7C-457A-9650-1A70766C6B60}.Release|Any CPU.ActiveCfg = Release|Any CPU
		{4CA56EFE-6C7C-457A-9650-1A70766C6B60}.Release|Any CPU.Build.0 = Release|Any CPU
	EndGlobalSection
EndGlobal
